
Microsoft Visual Studio Solution File, Format Version 12.00
# Visual Studio Version 17
VisualStudioVersion = 17.7.34221.43
MinimumVisualStudioVersion = 10.0.40219.1
Project("{FAE04EC0-301F-11D3-BF4B-00C04F79EFBC}") = "Geometria", "Geometria\Geometria.csproj", "{9B784A91-91DF-4DF5-8BE6-F42A3824A7CC}"
EndProject
Global
	GlobalSection(SolutionConfigurationPlatforms) = preSolution
		Debug|Any CPU = Debug|Any CPU
		Release|Any CPU = Release|Any CPU
	EndGlobalSection
	GlobalSection(ProjectConfigurationPlatforms) = postSolution
		{9B784A91-91DF-4DF5-8BE6-F42A3824A7CC}.Debug|Any CPU.ActiveCfg = Debug|Any CPU
		{9B784A91-91DF-4DF5-8BE6-F42A3824A7CC}.Debug|Any CPU.Build.0 = Debug|Any CPU
		{9B784A91-91DF-4DF5-8BE6-F42A3824A7CC}.Release|Any CPU.ActiveCfg = Release|Any CPU
		{9B784A91-91DF-4DF5-8BE6-F42A3824A7CC}.Release|Any CPU.Build.0 = Release|Any CPU
	EndGlobalSection
	GlobalSection(SolutionProperties) = preSolution
		HideSolutionNode = FALSE
	EndGlobalSection
	GlobalSection(ExtensibilityGlobals) = postSolution
		SolutionGuid = {FFDCD92F-B0AC-4339-84A3-AB8D970974D0}
	EndGlobalSection
EndGlobal
